
Microsoft Visual Studio Solution File, Format Version 12.00
# Visual Studio Version 17
VisualStudioVersion = 17.5.002.0
MinimumVisualStudioVersion = 10.0.40219.1
Project("{9A19103F-16F7-4668-BE54-9A1E7A4F7556}") = "PROY-AZUL-OSCURO", "PROY-AZUL-OSCURO.csproj", "{61747D0C-1540-4A50-9045-5C4FF2DB2505}"
EndProject
Global
	GlobalSection(SolutionConfigurationPlatforms) = preSolution
		Debug|Any CPU = Debug|Any CPU
		Release|Any CPU = Release|Any CPU
	EndGlobalSection
	GlobalSection(ProjectConfigurationPlatforms) = postSolution
		{61747D0C-1540-4A50-9045-5C4FF2DB2505}.Debug|Any CPU.ActiveCfg = Debug|Any CPU
		{61747D0C-1540-4A50-9045-5C4FF2DB2505}.Debug|Any CPU.Build.0 = Debug|Any CPU
		{61747D0C-1540-4A50-9045-5C4FF2DB2505}.Release|Any CPU.ActiveCfg = Release|Any CPU
		{61747D0C-1540-4A50-9045-5C4FF2DB2505}.Release|Any CPU.Build.0 = Release|Any CPU
	EndGlobalSection
	GlobalSection(SolutionProperties) = preSolution
		HideSolutionNode = FALSE
	EndGlobalSection
	GlobalSection(ExtensibilityGlobals) = postSolution
		SolutionGuid = {46FC5FE1-5E18-474A-A8DD-4567D1C7C7F6}
	EndGlobalSection
EndGlobal
